
Microsoft Visual Studio Solution File, Format Version 12.00
# Visual Studio 15
VisualStudioVersion = 15.0.27130.2036
MinimumVisualStudioVersion = 10.0.40219.1
Project("{2150E333-8FDC-42A3-9474-1A3956D46DE8}") = "用户UI", "用户UI", "{3A07A5DC-23C4-4781-BE8D-7ECA3EC9CE06}"
EndProject
Project("{2150E333-8FDC-42A3-9474-1A3956D46DE8}") = "应用层", "应用层", "{A1B98A4D-E6A2-4164-9A49-F74C488613BD}"
EndProject
Project("{2150E333-8FDC-42A3-9474-1A3956D46DE8}") = "功能适配层", "功能适配层", "{EA79DBF2-FE35-4D92-94AB-DED43FCE6CE5}"
EndProject
Project("{2150E333-8FDC-42A3-9474-1A3956D46DE8}") = "Doc", "Doc", "{B7DCFBFB-9A44-4E6D-8F45-2614057A6D39}"
	ProjectSection(SolutionItems) = preProject
		readme.txt = readme.txt
	EndProjectSection
EndProject
Project("{FAE04EC0-301F-11D3-BF4B-00C04F79EFBC}") = "CMS.MVC", "CMS.MVC\CMS.MVC.csproj", "{1DB85DE7-9DFA-458B-ACA9-8482CB6DA214}"
EndProject
Project("{FAE04EC0-301F-11D3-BF4B-00C04F79EFBC}") = "Application", "Application\Application.csproj", "{EEF273D1-C815-454E-8469-9DCC79DFCBFB}"
EndProject
Project("{FAE04EC0-301F-11D3-BF4B-00C04F79EFBC}") = "Serviece", "Serviece\Serviece.csproj", "{3EF51322-5784-4452-BE0E-75492B10B5C9}"
EndProject
Project("{FAE04EC0-301F-11D3-BF4B-00C04F79EFBC}") = "WebModels", "WebModels\WebModels.csproj", "{9B586ECB-9B87-44EF-989D-F131D2F2D1DB}"
EndProject
Project("{FAE04EC0-301F-11D3-BF4B-00C04F79EFBC}") = "EntityModels", "EntityModels\EntityModels.csproj", "{0BD9B2E0-2C67-4C43-AC0A-5FF740CD724D}"
EndProject
Global
	GlobalSection(SolutionConfigurationPlatforms) = preSolution
		Debug|Any CPU = Debug|Any CPU
		Release|Any CPU = Release|Any CPU
	EndGlobalSection
	GlobalSection(ProjectConfigurationPlatforms) = postSolution
		{1DB85DE7-9DFA-458B-ACA9-8482CB6DA214}.Debug|Any CPU.ActiveCfg = Debug|Any CPU
		{1DB85DE7-9DFA-458B-ACA9-8482CB6DA214}.Debug|Any CPU.Build.0 = Debug|Any CPU
		{1DB85DE7-9DFA-458B-ACA9-8482CB6DA214}.Release|Any CPU.ActiveCfg = Release|Any CPU
		{1DB85DE7-9DFA-458B-ACA9-8482CB6DA214}.Release|Any CPU.Build.0 = Release|Any CPU
		{EEF273D1-C815-454E-8469-9DCC79DFCBFB}.Debug|Any CPU.ActiveCfg = Debug|Any CPU
		{EEF273D1-C815-454E-8469-9DCC79DFCBFB}.Debug|Any CPU.Build.0 = Debug|Any CPU
		{EEF273D1-C815-454E-8469-9DCC79DFCBFB}.Release|Any CPU.ActiveCfg = Release|Any CPU
		{EEF273D1-C815-454E-8469-9DCC79DFCBFB}.Release|Any CPU.Build.0 = Release|Any CPU
		{3EF51322-5784-4452-BE0E-75492B10B5C9}.Debug|Any CPU.ActiveCfg = Debug|Any CPU
		{3EF51322-5784-4452-BE0E-75492B10B5C9}.Debug|Any CPU.Build.0 = Debug|Any CPU
		{3EF51322-5784-4452-BE0E-75492B10B5C9}.Release|Any CPU.ActiveCfg = Release|Any CPU
		{3EF51322-5784-4452-BE0E-75492B10B5C9}.Release|Any CPU.Build.0 = Release|Any CPU
		{9B586ECB-9B87-44EF-989D-F131D2F2D1DB}.Debug|Any CPU.ActiveCfg = Debug|Any CPU
		{9B586ECB-9B87-44EF-989D-F131D2F2D1DB}.Debug|Any CPU.Build.0 = Debug|Any CPU
		{9B586ECB-9B87-44EF-989D-F131D2F2D1DB}.Release|Any CPU.ActiveCfg = Release|Any CPU
		{9B586ECB-9B87-44EF-989D-F131D2F2D1DB}.Release|Any CPU.Build.0 = Release|Any CPU
		{0BD9B2E0-2C67-4C43-AC0A-5FF740CD724D}.Debug|Any CPU.ActiveCfg = Debug|Any CPU
		{0BD9B2E0-2C67-4C43-AC0A-5FF740CD724D}.Debug|Any CPU.Build.0 = Debug|Any CPU
		{0BD9B2E0-2C67-4C43-AC0A-5FF740CD724D}.Release|Any CPU.ActiveCfg = Release|Any CPU
		{0BD9B2E0-2C67-4C43-AC0A-5FF740CD724D}.Release|Any CPU.Build.0 = Release|Any CPU
	EndGlobalSection
	GlobalSection(SolutionProperties) = preSolution
		HideSolutionNode = FALSE
	EndGlobalSection
	GlobalSection(NestedProjects) = preSolution
		{1DB85DE7-9DFA-458B-ACA9-8482CB6DA214} = {3A07A5DC-23C4-4781-BE8D-7ECA3EC9CE06}
		{EEF273D1-C815-454E-8469-9DCC79DFCBFB} = {EA79DBF2-FE35-4D92-94AB-DED43FCE6CE5}
		{3EF51322-5784-4452-BE0E-75492B10B5C9} = {A1B98A4D-E6A2-4164-9A49-F74C488613BD}
		{9B586ECB-9B87-44EF-989D-F131D2F2D1DB} = {A1B98A4D-E6A2-4164-9A49-F74C488613BD}
		{0BD9B2E0-2C67-4C43-AC0A-5FF740CD724D} = {A1B98A4D-E6A2-4164-9A49-F74C488613BD}
	EndGlobalSection
	GlobalSection(ExtensibilityGlobals) = postSolution
		SolutionGuid = {0BCDA7D4-600B-40A5-8564-F39D29BFC47C}
	EndGlobalSection
EndGlobal
